
Microsoft Visual Studio Solution File, Format Version 12.00
# Visual Studio 15
Project("{FAE04EC0-301F-11D3-BF4B-00C04F79EFBC}") = "Unity.XR.Interaction.Toolkit.Samples.StarterAssets", "Unity.XR.Interaction.Toolkit.Samples.StarterAssets.csproj", "{468190F0-D0C6-5F79-90E3-BDD62CC89FD0}"
EndProject
Project("{FAE04EC0-301F-11D3-BF4B-00C04F79EFBC}") = "Assembly-CSharp", "Assembly-CSharp.csproj", "{E3D9DB01-1519-D240-D7CA-17D9A25DF672}"
EndProject
Global
	GlobalSection(SolutionConfigurationPlatforms) = preSolution
		Debug|Any CPU = Debug|Any CPU
		Release|Any CPU = Release|Any CPU
	EndGlobalSection
	GlobalSection(ProjectConfigurationPlatforms) = postSolution
		{468190F0-D0C6-5F79-90E3-BDD62CC89FD0}.Debug|Any CPU.ActiveCfg = Debug|Any CPU
		{468190F0-D0C6-5F79-90E3-BDD62CC89FD0}.Debug|Any CPU.Build.0 = Debug|Any CPU
		{468190F0-D0C6-5F79-90E3-BDD62CC89FD0}.Release|Any CPU.ActiveCfg = Release|Any CPU
		{468190F0-D0C6-5F79-90E3-BDD62CC89FD0}.Release|Any CPU.Build.0 = Release|Any CPU
		{E3D9DB01-1519-D240-D7CA-17D9A25DF672}.Debug|Any CPU.ActiveCfg = Debug|Any CPU
		{E3D9DB01-1519-D240-D7CA-17D9A25DF672}.Debug|Any CPU.Build.0 = Debug|Any CPU
		{E3D9DB01-1519-D240-D7CA-17D9A25DF672}.Release|Any CPU.ActiveCfg = Release|Any CPU
		{E3D9DB01-1519-D240-D7CA-17D9A25DF672}.Release|Any CPU.Build.0 = Release|Any CPU
	EndGlobalSection
	GlobalSection(SolutionProperties) = preSolution
		HideSolutionNode = FALSE
	EndGlobalSection
EndGlobal
